Microsoft Visual Studio Solution File, Format Version 11.00
# Visual Studio 2008

Project("{5E8B4453-8639-BD43-6097-34069C67A639}") = "SD3_kboreo_mborsos", "Assembly-CSharp.csproj", "{A26961FB-8B99-6811-3754-6D19094AFBE5}"
EndProject
Global
	GlobalSection(SolutionConfigurationPlatforms) = preSolution
		Debug|Any CPU = Debug|Any CPU
		Release|Any CPU = Release|Any CPU
	EndGlobalSection
	GlobalSection(ProjectConfigurationPlatforms) = postSolution
		{A26961FB-8B99-6811-3754-6D19094AFBE5}.Debug|Any CPU.ActiveCfg = Debug|Any CPU
		{A26961FB-8B99-6811-3754-6D19094AFBE5}.Debug|Any CPU.Build.0 = Debug|Any CPU
		{A26961FB-8B99-6811-3754-6D19094AFBE5}.Release|Any CPU.ActiveCfg = Release|Any CPU
		{A26961FB-8B99-6811-3754-6D19094AFBE5}.Release|Any CPU.Build.0 = Release|Any CPU
	EndGlobalSection
	GlobalSection(SolutionProperties) = preSolution
		HideSolutionNode = FALSE
	EndGlobalSection
	GlobalSection(MonoDevelopProperties) = preSolution
		StartupItem = Assembly-CSharp.csproj
	EndGlobalSection
EndGlobal
